
Microsoft Visual Studio Solution File, Format Version 12.00
# Visual Studio 14
VisualStudioVersion = 14.0.25123.0
MinimumVisualStudioVersion = 10.0.40219.1
Project("{55F94F50-1A3F-4403-A8D5-B7B0C929A6B2}") = "Sitecore.Support.94993", "Sitecore.Support.94993\Sitecore.Support.94993.csproj", "{8103FE15-0A42-4480-A517-FD41B770EE55}"
EndProject
Global
	GlobalSection(SolutionConfigurationPlatforms) = preSolution
		Debug|Any CPU = Debug|Any CPU
		Release|Any CPU = Release|Any CPU
	EndGlobalSection
	GlobalSection(ProjectConfigurationPlatforms) = postSolution
		{8103FE15-0A42-4480-A517-FD41B770EE55}.Debug|Any CPU.ActiveCfg = Debug|Any CPU
		{8103FE15-0A42-4480-A517-FD41B770EE55}.Debug|Any CPU.Build.0 = Debug|Any CPU
		{8103FE15-0A42-4480-A517-FD41B770EE55}.Release|Any CPU.ActiveCfg = Release|Any CPU
		{8103FE15-0A42-4480-A517-FD41B770EE55}.Release|Any CPU.Build.0 = Release|Any CPU
	EndGlobalSection
	GlobalSection(SolutionProperties) = preSolution
		HideSolutionNode = FALSE
	EndGlobalSection
EndGlobal
